
Microsoft Visual Studio Solution File, Format Version 12.00
# Visual Studio 2013
VisualStudioVersion = 12.0.40629.0
MinimumVisualStudioVersion = 10.0.40219.1
Project("{FAE04EC0-301F-11D3-BF4B-00C04F79EFBC}") = "BlindApp.WebApi", "BlindApp.WebApi\BlindApp.WebApi.csproj", "{2B5155A8-CB28-4CAA-ACF8-E15BA5BDEA88}"
EndProject
Project("{FAE04EC0-301F-11D3-BF4B-00C04F79EFBC}") = "BlindApp.Models", "BlindApp.Models\BlindApp.Models.csproj", "{51D7A2AF-069D-4027-8FB0-996C3CB3D15A}"
EndProject
Global
	GlobalSection(SolutionConfigurationPlatforms) = preSolution
		Debug|Any CPU = Debug|Any CPU
		Release|Any CPU = Release|Any CPU
	EndGlobalSection
	GlobalSection(ProjectConfigurationPlatforms) = postSolution
		{2B5155A8-CB28-4CAA-ACF8-E15BA5BDEA88}.Debug|Any CPU.ActiveCfg = Debug|Any CPU
		{2B5155A8-CB28-4CAA-ACF8-E15BA5BDEA88}.Debug|Any CPU.Build.0 = Debug|Any CPU
		{2B5155A8-CB28-4CAA-ACF8-E15BA5BDEA88}.Release|Any CPU.ActiveCfg = Release|Any CPU
		{2B5155A8-CB28-4CAA-ACF8-E15BA5BDEA88}.Release|Any CPU.Build.0 = Release|Any CPU
		{51D7A2AF-069D-4027-8FB0-996C3CB3D15A}.Debug|Any CPU.ActiveCfg = Debug|Any CPU
		{51D7A2AF-069D-4027-8FB0-996C3CB3D15A}.Debug|Any CPU.Build.0 = Debug|Any CPU
		{51D7A2AF-069D-4027-8FB0-996C3CB3D15A}.Release|Any CPU.ActiveCfg = Release|Any CPU
		{51D7A2AF-069D-4027-8FB0-996C3CB3D15A}.Release|Any CPU.Build.0 = Release|Any CPU
	EndGlobalSection
	GlobalSection(SolutionProperties) = preSolution
		HideSolutionNode = FALSE
	EndGlobalSection
EndGlobal
